
Microsoft Visual Studio Solution File, Format Version 12.00
# Visual Studio Version 16
VisualStudioVersion = 16.0.28803.202
MinimumVisualStudioVersion = 10.0.40219.1
Project("{8BC9CEB8-8B4A-11D0-8D11-00A0C91BC942}") = "ParsecHost", "ParsecHost\ParsecHost.vcxproj", "{FB5D6CB1-FE7A-417F-BA66-4C520CD1DBCC}"
EndProject
Global
	GlobalSection(SolutionConfigurationPlatforms) = preSolution
		Debug|x64 = Debug|x64
		Debug|x86 = Debug|x86
		Release|x64 = Release|x64
		Release|x86 = Release|x86
	EndGlobalSection
	GlobalSection(ProjectConfigurationPlatforms) = postSolution
		{FB5D6CB1-FE7A-417F-BA66-4C520CD1DBCC}.Debug|x64.ActiveCfg = Debug|x64
		{FB5D6CB1-FE7A-417F-BA66-4C520CD1DBCC}.Debug|x64.Build.0 = Debug|x64
		{FB5D6CB1-FE7A-417F-BA66-4C520CD1DBCC}.Debug|x86.ActiveCfg = Debug|Win32
		{FB5D6CB1-FE7A-417F-BA66-4C520CD1DBCC}.Debug|x86.Build.0 = Debug|Win32
		{FB5D6CB1-FE7A-417F-BA66-4C520CD1DBCC}.Release|x64.ActiveCfg = Release|x64
		{FB5D6CB1-FE7A-417F-BA66-4C520CD1DBCC}.Release|x64.Build.0 = Release|x64
		{FB5D6CB1-FE7A-417F-BA66-4C520CD1DBCC}.Release|x86.ActiveCfg = Release|Win32
		{FB5D6CB1-FE7A-417F-BA66-4C520CD1DBCC}.Release|x86.Build.0 = Release|Win32
	EndGlobalSection
	GlobalSection(SolutionProperties) = preSolution
		HideSolutionNode = FALSE
	EndGlobalSection
	GlobalSection(ExtensibilityGlobals) = postSolution
		SolutionGuid = {4315992B-22DC-48EB-AAAC-3D6497CCDC45}
	EndGlobalSection
EndGlobal
